// !$*UTF8*$!
{
	archiveVersion = 1;
	classes = {
	};
	objectVersion = 56;
	objects = {

/* Begin PBXBuildFile section */
		DB135B0D2A3B501A004A116D /* MainModel.swift in Sources */ = {isa = PBXBuildFile; fileRef = DB135B0C2A3B501A004A116D /* MainModel.swift */; };
		DB135B102A3B50E4004A116D /* MainCategoryCell.swift in Sources */ = {isa = PBXBuildFile; fileRef = DB135B0F2A3B50E4004A116D /* MainCategoryCell.swift */; };
		DB135B122A3B521C004A116D /* MainCategoryHeader.swift in Sources */ = {isa = PBXBuildFile; fileRef = DB135B112A3B521C004A116D /* MainCategoryHeader.swift */; };
		DB135B152A3C8038004A116D /* CollectionCell+Extension.swift in Sources */ = {isa = PBXBuildFile; fileRef = DB135B142A3C8038004A116D /* CollectionCell+Extension.swift */; };
		DB135B172A4093AA004A116D /* MainPopularCell.swift in Sources */ = {isa = PBXBuildFile; fileRef = DB135B162A4093AA004A116D /* MainPopularCell.swift */; };
		DB135B192A40C0DE004A116D /* MainCheffCell.swift in Sources */ = {isa = PBXBuildFile; fileRef = DB135B182A40C0DE004A116D /* MainCheffCell.swift */; };
		DB135B1B2A41FC29004A116D /* MainTopCell.swift in Sources */ = {isa = PBXBuildFile; fileRef = DB135B1A2A41FC29004A116D /* MainTopCell.swift */; };
		DB3A475B2A3A3EEA00C1B5D3 /* MainViewModel.swift in Sources */ = {isa = PBXBuildFile; fileRef = DB3A475A2A3A3EEA00C1B5D3 /* MainViewModel.swift */; };
		DB52C63E2A38AD1E00B9E556 /* MainView.swift in Sources */ = {isa = PBXBuildFile; fileRef = DB52C63D2A38AD1E00B9E556 /* MainView.swift */; };
		DB52C6452A38B0F800B9E556 /* MainCoodinator.swift in Sources */ = {isa = PBXBuildFile; fileRef = DB52C6442A38B0F800B9E556 /* MainCoodinator.swift */; };
		DB52C64E2A38E1BA00B9E556 /* CoordinatorFactory.swift in Sources */ = {isa = PBXBuildFile; fileRef = DB52C64D2A38E1BA00B9E556 /* CoordinatorFactory.swift */; };
		DB52C6502A38E2E000B9E556 /* ModulFactory.swift in Sources */ = {isa = PBXBuildFile; fileRef = DB52C64F2A38E2E000B9E556 /* ModulFactory.swift */; };
		DB52C6582A39BDB300B9E556 /* Coordinator.swift in Sources */ = {isa = PBXBuildFile; fileRef = DB52C6572A39BDB300B9E556 /* Coordinator.swift */; };
		DB52C65A2A39BDC900B9E556 /* SceneController.swift in Sources */ = {isa = PBXBuildFile; fileRef = DB52C6592A39BDC900B9E556 /* SceneController.swift */; };
		DB7D2B052A30BB7A00BDA872 /* OnboardingModel.swift in Sources */ = {isa = PBXBuildFile; fileRef = DB7D2B042A30BB7A00BDA872 /* OnboardingModel.swift */; };
		DB7D2B072A30BB9100BDA872 /* OnboardingViewModel.swift in Sources */ = {isa = PBXBuildFile; fileRef = DB7D2B062A30BB9100BDA872 /* OnboardingViewModel.swift */; };
		DB7D2B0B2A30C71B00BDA872 /* OnboardingCell.swift in Sources */ = {isa = PBXBuildFile; fileRef = DB7D2B0A2A30C71B00BDA872 /* OnboardingCell.swift */; };
		DB9ECC6F2A5C47EE00186807 /* NetworkService.swift in Sources */ = {isa = PBXBuildFile; fileRef = DB9ECC6E2A5C47EE00186807 /* NetworkService.swift */; };
		DB9ECC712A5C484100186807 /* NetworkError.swift in Sources */ = {isa = PBXBuildFile; fileRef = DB9ECC702A5C484100186807 /* NetworkError.swift */; };
		DB9ECC752A5D823F00186807 /* Route.swift in Sources */ = {isa = PBXBuildFile; fileRef = DB9ECC742A5D823F00186807 /* Route.swift */; };
		DB9ECC772A5D82EF00186807 /* Method.swift in Sources */ = {isa = PBXBuildFile; fileRef = DB9ECC762A5D82EF00186807 /* Method.swift */; };
		DB9ECC792A5D847800186807 /* String+Extension.swift in Sources */ = {isa = PBXBuildFile; fileRef = DB9ECC782A5D847800186807 /* String+Extension.swift */; };
		DB9ECC7B2A5EBB6600186807 /* ApiResponce.swift in Sources */ = {isa = PBXBuildFile; fileRef = DB9ECC7A2A5EBB6600186807 /* ApiResponce.swift */; };
		DB9ECC852A5ED63E00186807 /* AllDishes.swift in Sources */ = {isa = PBXBuildFile; fileRef = DB9ECC802A5ED63E00186807 /* AllDishes.swift */; };
		DBA60FCC2A66C7DD009B69F3 /* IQKeyboardManagerSwift in Frameworks */ = {isa = PBXBuildFile; productRef = DBA60FCB2A66C7DD009B69F3 /* IQKeyboardManagerSwift */; };
		DBA60FCF2A66F612009B69F3 /* ProgressHUD in Frameworks */ = {isa = PBXBuildFile; productRef = DBA60FCE2A66F612009B69F3 /* ProgressHUD */; };
		DBA60FD52A67FEF2009B69F3 /* DetailViewModel.swift in Sources */ = {isa = PBXBuildFile; fileRef = DBA60FD42A67FEF2009B69F3 /* DetailViewModel.swift */; };
		DBA60FD72A697D00009B69F3 /* Header.swift in Sources */ = {isa = PBXBuildFile; fileRef = DBA60FD62A697D00009B69F3 /* Header.swift */; };
		DBE599F32A2A109F0056931C /* AppDelegate.swift in Sources */ = {isa = PBXBuildFile; fileRef = DBE599F22A2A109F0056931C /* AppDelegate.swift */; };
		DBE599F52A2A109F0056931C /* SceneDelegate.swift in Sources */ = {isa = PBXBuildFile; fileRef = DBE599F42A2A109F0056931C /* SceneDelegate.swift */; };
		DBE599F72A2A109F0056931C /* OnboardingView.swift in Sources */ = {isa = PBXBuildFile; fileRef = DBE599F62A2A109F0056931C /* OnboardingView.swift */; };
		DBE599FC2A2A10A00056931C /* Assets.xcassets in Resources */ = {isa = PBXBuildFile; fileRef = DBE599FB2A2A10A00056931C /* Assets.xcassets */; };
		DBE599FF2A2A10A00056931C /* LaunchScreen.storyboard in Resources */ = {isa = PBXBuildFile; fileRef = DBE599FD2A2A10A00056931C /* LaunchScreen.storyboard */; };
		DBF493692A433E81007C9BD1 /* DetailView.swift in Sources */ = {isa = PBXBuildFile; fileRef = DBF493682A433E81007C9BD1 /* DetailView.swift */; };
		DBF4936D2A436A1F007C9BD1 /* UIButton+Extension.swift in Sources */ = {isa = PBXBuildFile; fileRef = DBF4936C2A436A1F007C9BD1 /* UIButton+Extension.swift */; };
		DBF7EE412A4A0FEB00D76518 /* DishlistView.swift in Sources */ = {isa = PBXBuildFile; fileRef = DBF7EE402A4A0FEB00D76518 /* DishlistView.swift */; };
		DBF7EE442A4A162200D76518 /* DishlistCell.swift in Sources */ = {isa = PBXBuildFile; fileRef = DBF7EE432A4A162200D76518 /* DishlistCell.swift */; };
		DBF7EE4C2A4B52DF00D76518 /* AppCoordinator.swift in Sources */ = {isa = PBXBuildFile; fileRef = DBF7EE4B2A4B52DF00D76518 /* AppCoordinator.swift */; };
		DBF7EE4E2A4B543200D76518 /* OnboardingCoordinator.swift in Sources */ = {isa = PBXBuildFile; fileRef = DBF7EE4D2A4B543200D76518 /* OnboardingCoordinator.swift */; };
		DBF7EE502A4C4A5100D76518 /* DishlistViewModel.swift in Sources */ = {isa = PBXBuildFile; fileRef = DBF7EE4F2A4C4A5100D76518 /* DishlistViewModel.swift */; };
		DBF7EE5C2A4C67E500D76518 /* OrderlistView.swift in Sources */ = {isa = PBXBuildFile; fileRef = DBF7EE5B2A4C67E500D76518 /* OrderlistView.swift */; };
		DBF7EE5E2A4C68F700D76518 /* OrdelistViewModel.swift in Sources */ = {isa = PBXBuildFile; fileRef = DBF7EE5D2A4C68F700D76518 /* OrdelistViewModel.swift */; };
/* End PBXBuildFile section */

/* Begin PBXFileReference section */
		DB135B0C2A3B501A004A116D /* MainModel.swift */ = {isa = PBXFileReference; lastKnownFileType = sourcecode.swift; path = MainModel.swift; sourceTree = "<group>"; };
		DB135B0F2A3B50E4004A116D /* MainCategoryCell.swift */ = {isa = PBXFileReference; lastKnownFileType = sourcecode.swift; path = MainCategoryCell.swift; sourceTree = "<group>"; };
		DB135B112A3B521C004A116D /* MainCategoryHeader.swift */ = {isa = PBXFileReference; lastKnownFileType = sourcecode.swift; path = MainCategoryHeader.swift; sourceTree = "<group>"; };
		DB135B142A3C8038004A116D /* CollectionCell+Extension.swift */ = {isa = PBXFileReference; lastKnownFileType = sourcecode.swift; path = "CollectionCell+Extension.swift"; sourceTree = "<group>"; };
		DB135B162A4093AA004A116D /* MainPopularCell.swift */ = {isa = PBXFileReference; lastKnownFileType = sourcecode.swift; path = MainPopularCell.swift; sourceTree = "<group>"; };
		DB135B182A40C0DE004A116D /* MainCheffCell.swift */ = {isa = PBXFileReference; lastKnownFileType = sourcecode.swift; path = MainCheffCell.swift; sourceTree = "<group>"; };
		DB135B1A2A41FC29004A116D /* MainTopCell.swift */ = {isa = PBXFileReference; lastKnownFileType = sourcecode.swift; path = MainTopCell.swift; sourceTree = "<group>"; };
		DB3A475A2A3A3EEA00C1B5D3 /* MainViewModel.swift */ = {isa = PBXFileReference; lastKnownFileType = sourcecode.swift; path = MainViewModel.swift; sourceTree = "<group>"; };
		DB52C63D2A38AD1E00B9E556 /* MainView.swift */ = {isa = PBXFileReference; lastKnownFileType = sourcecode.swift; path = MainView.swift; sourceTree = "<group>"; };
		DB52C6442A38B0F800B9E556 /* MainCoodinator.swift */ = {isa = PBXFileReference; lastKnownFileType = sourcecode.swift; path = MainCoodinator.swift; sourceTree = "<group>"; };
		DB52C64D2A38E1BA00B9E556 /* CoordinatorFactory.swift */ = {isa = PBXFileReference; lastKnownFileType = sourcecode.swift; path = CoordinatorFactory.swift; sourceTree = "<group>"; };
		DB52C64F2A38E2E000B9E556 /* ModulFactory.swift */ = {isa = PBXFileReference; lastKnownFileType = sourcecode.swift; path = ModulFactory.swift; sourceTree = "<group>"; };
		DB52C6572A39BDB300B9E556 /* Coordinator.swift */ = {isa = PBXFileReference; lastKnownFileType = sourcecode.swift; path = Coordinator.swift; sourceTree = "<group>"; };
		DB52C6592A39BDC900B9E556 /* SceneController.swift */ = {isa = PBXFileReference; lastKnownFileType = sourcecode.swift; path = SceneController.swift; sourceTree = "<group>"; };
		DB7D2B042A30BB7A00BDA872 /* OnboardingModel.swift */ = {isa = PBXFileReference; lastKnownFileType = sourcecode.swift; path = OnboardingModel.swift; sourceTree = "<group>"; };
		DB7D2B062A30BB9100BDA872 /* OnboardingViewModel.swift */ = {isa = PBXFileReference; lastKnownFileType = sourcecode.swift; path = OnboardingViewModel.swift; sourceTree = "<group>"; };
		DB7D2B0A2A30C71B00BDA872 /* OnboardingCell.swift */ = {isa = PBXFileReference; lastKnownFileType = sourcecode.swift; path = OnboardingCell.swift; sourceTree = "<group>"; };
		DB9ECC6E2A5C47EE00186807 /* NetworkService.swift */ = {isa = PBXFileReference; lastKnownFileType = sourcecode.swift; path = NetworkService.swift; sourceTree = "<group>"; };
		DB9ECC702A5C484100186807 /* NetworkError.swift */ = {isa = PBXFileReference; lastKnownFileType = sourcecode.swift; path = NetworkError.swift; sourceTree = "<group>"; };
		DB9ECC742A5D823F00186807 /* Route.swift */ = {isa = PBXFileReference; lastKnownFileType = sourcecode.swift; path = Route.swift; sourceTree = "<group>"; };
		DB9ECC762A5D82EF00186807 /* Method.swift */ = {isa = PBXFileReference; lastKnownFileType = sourcecode.swift; path = Method.swift; sourceTree = "<group>"; };
		DB9ECC782A5D847800186807 /* String+Extension.swift */ = {isa = PBXFileReference; lastKnownFileType = sourcecode.swift; path = "String+Extension.swift"; sourceTree = "<group>"; };
		DB9ECC7A2A5EBB6600186807 /* ApiResponce.swift */ = {isa = PBXFileReference; lastKnownFileType = sourcecode.swift; path = ApiResponce.swift; sourceTree = "<group>"; };
		DB9ECC802A5ED63E00186807 /* AllDishes.swift */ = {isa = PBXFileReference; fileEncoding = 4; lastKnownFileType = sourcecode.swift; path = AllDishes.swift; sourceTree = "<group>"; };
		DBA60FD42A67FEF2009B69F3 /* DetailViewModel.swift */ = {isa = PBXFileReference; lastKnownFileType = sourcecode.swift; path = DetailViewModel.swift; sourceTree = "<group>"; };
		DBA60FD62A697D00009B69F3 /* Header.swift */ = {isa = PBXFileReference; lastKnownFileType = sourcecode.swift; path = Header.swift; sourceTree = "<group>"; };
		DBE599EF2A2A109F0056931C /* FoodOrderService.app */ = {isa = PBXFileReference; explicitFileType = wrapper.application; includeInIndex = 0; path = FoodOrderService.app; sourceTree = BUILT_PRODUCTS_DIR; };
		DBE599F22A2A109F0056931C /* AppDelegate.swift */ = {isa = PBXFileReference; lastKnownFileType = sourcecode.swift; path = AppDelegate.swift; sourceTree = "<group>"; };
		DBE599F42A2A109F0056931C /* SceneDelegate.swift */ = {isa = PBXFileReference; lastKnownFileType = sourcecode.swift; path = SceneDelegate.swift; sourceTree = "<group>"; };
		DBE599F62A2A109F0056931C /* OnboardingView.swift */ = {isa = PBXFileReference; lastKnownFileType = sourcecode.swift; path = OnboardingView.swift; sourceTree = "<group>"; };
		DBE599FB2A2A10A00056931C /* Assets.xcassets */ = {isa = PBXFileReference; lastKnownFileType = folder.assetcatalog; path = Assets.xcassets; sourceTree = "<group>"; };
		DBE599FE2A2A10A00056931C /* Base */ = {isa = PBXFileReference; lastKnownFileType = file.storyboard; name = Base; path = Base.lproj/LaunchScreen.storyboard; sourceTree = "<group>"; };
		DBE59A002A2A10A00056931C /* Info.plist */ = {isa = PBXFileReference; lastKnownFileType = text.plist.xml; path = Info.plist; sourceTree = "<group>"; };
		DBF493682A433E81007C9BD1 /* DetailView.swift */ = {isa = PBXFileReference; lastKnownFileType = sourcecode.swift; path = DetailView.swift; sourceTree = "<group>"; };
		DBF4936C2A436A1F007C9BD1 /* UIButton+Extension.swift */ = {isa = PBXFileReference; lastKnownFileType = sourcecode.swift; path = "UIButton+Extension.swift"; sourceTree = "<group>"; };
		DBF7EE402A4A0FEB00D76518 /* DishlistView.swift */ = {isa = PBXFileReference; lastKnownFileType = sourcecode.swift; path = DishlistView.swift; sourceTree = "<group>"; };
		DBF7EE432A4A162200D76518 /* DishlistCell.swift */ = {isa = PBXFileReference; lastKnownFileType = sourcecode.swift; path = DishlistCell.swift; sourceTree = "<group>"; };
		DBF7EE4B2A4B52DF00D76518 /* AppCoordinator.swift */ = {isa = PBXFileReference; lastKnownFileType = sourcecode.swift; path = AppCoordinator.swift; sourceTree = "<group>"; };
		DBF7EE4D2A4B543200D76518 /* OnboardingCoordinator.swift */ = {isa = PBXFileReference; lastKnownFileType = sourcecode.swift; path = OnboardingCoordinator.swift; sourceTree = "<group>"; };
		DBF7EE4F2A4C4A5100D76518 /* DishlistViewModel.swift */ = {isa = PBXFileReference; lastKnownFileType = sourcecode.swift; path = DishlistViewModel.swift; sourceTree = "<group>"; };
		DBF7EE5B2A4C67E500D76518 /* OrderlistView.swift */ = {isa = PBXFileReference; lastKnownFileType = sourcecode.swift; path = OrderlistView.swift; sourceTree = "<group>"; };
		DBF7EE5D2A4C68F700D76518 /* OrdelistViewModel.swift */ = {isa = PBXFileReference; lastKnownFileType = sourcecode.swift; path = OrdelistViewModel.swift; sourceTree = "<group>"; };
/* End PBXFileReference section */

/* Begin PBXFrameworksBuildPhase section */
		DBE599EC2A2A109F0056931C /* Frameworks */ = {
			isa = PBXFrameworksBuildPhase;
			buildActionMask = 2147483647;
			files = (
				DBA60FCC2A66C7DD009B69F3 /* IQKeyboardManagerSwift in Frameworks */,
				DBA60FCF2A66F612009B69F3 /* ProgressHUD in Frameworks */,
			);
			runOnlyForDeploymentPostprocessing = 0;
		};
/* End PBXFrameworksBuildPhase section */

/* Begin PBXGroup section */
		DB135B0E2A3B50C8004A116D /* MainCell */ = {
			isa = PBXGroup;
			children = (
				DB135B1A2A41FC29004A116D /* MainTopCell.swift */,
				DB135B0F2A3B50E4004A116D /* MainCategoryCell.swift */,
				DB135B162A4093AA004A116D /* MainPopularCell.swift */,
				DB135B182A40C0DE004A116D /* MainCheffCell.swift */,
				DB135B112A3B521C004A116D /* MainCategoryHeader.swift */,
			);
			path = MainCell;
			sourceTree = "<group>";
		};
		DB135B132A3C8022004A116D /* Extensions */ = {
			isa = PBXGroup;
			children = (
				DB135B142A3C8038004A116D /* CollectionCell+Extension.swift */,
				DBF4936C2A436A1F007C9BD1 /* UIButton+Extension.swift */,
				DB9ECC782A5D847800186807 /* String+Extension.swift */,
			);
			path = Extensions;
			sourceTree = "<group>";
		};
		DB52C63C2A38ABAB00B9E556 /* MainScene */ = {
			isa = PBXGroup;
			children = (
				DB135B0E2A3B50C8004A116D /* MainCell */,
				DB135B0C2A3B501A004A116D /* MainModel.swift */,
				DB52C63D2A38AD1E00B9E556 /* MainView.swift */,
				DB3A475A2A3A3EEA00C1B5D3 /* MainViewModel.swift */,
			);
			path = MainScene;
			sourceTree = "<group>";
		};
		DB52C6432A38B0BE00B9E556 /* Coordinators */ = {
			isa = PBXGroup;
			children = (
				DBF7EE4B2A4B52DF00D76518 /* AppCoordinator.swift */,
				DBF7EE4D2A4B543200D76518 /* OnboardingCoordinator.swift */,
				DB52C6442A38B0F800B9E556 /* MainCoodinator.swift */,
			);
			path = Coordinators;
			sourceTree = "<group>";
		};
		DB52C64C2A38E19600B9E556 /* Factorys */ = {
			isa = PBXGroup;
			children = (
				DB52C64D2A38E1BA00B9E556 /* CoordinatorFactory.swift */,
				DB52C64F2A38E2E000B9E556 /* ModulFactory.swift */,
			);
			path = Factorys;
			sourceTree = "<group>";
		};
		DB52C6562A39BDA200B9E556 /* Base */ = {
			isa = PBXGroup;
			children = (
				DBA60FD62A697D00009B69F3 /* Header.swift */,
				DB52C6572A39BDB300B9E556 /* Coordinator.swift */,
				DB52C6592A39BDC900B9E556 /* SceneController.swift */,
			);
			path = Base;
			sourceTree = "<group>";
		};
		DB7D2B032A30BB6100BDA872 /* OnboardingScene */ = {
			isa = PBXGroup;
			children = (
				DB7D2B092A30C6EB00BDA872 /* OnboardingCell */,
				DB7D2B042A30BB7A00BDA872 /* OnboardingModel.swift */,
				DBE599F62A2A109F0056931C /* OnboardingView.swift */,
				DB7D2B062A30BB9100BDA872 /* OnboardingViewModel.swift */,
			);
			path = OnboardingScene;
			sourceTree = "<group>";
		};
		DB7D2B092A30C6EB00BDA872 /* OnboardingCell */ = {
			isa = PBXGroup;
			children = (
				DB7D2B0A2A30C71B00BDA872 /* OnboardingCell.swift */,
			);
			path = OnboardingCell;
			sourceTree = "<group>";
		};
		DB9ECC6D2A5C47B400186807 /* NetworkManager */ = {
			isa = PBXGroup;
			children = (
				DB9ECC7C2A5ED63E00186807 /* Models */,
				DB9ECC6E2A5C47EE00186807 /* NetworkService.swift */,
				DB9ECC702A5C484100186807 /* NetworkError.swift */,
				DB9ECC742A5D823F00186807 /* Route.swift */,
				DB9ECC762A5D82EF00186807 /* Method.swift */,
				DB9ECC7A2A5EBB6600186807 /* ApiResponce.swift */,
			);
			path = NetworkManager;
			sourceTree = "<group>";
		};
		DB9ECC7C2A5ED63E00186807 /* Models */ = {
			isa = PBXGroup;
			children = (
				DB9ECC802A5ED63E00186807 /* AllDishes.swift */,
			);
			path = Models;
			sourceTree = "<group>";
		};
		DBE599E62A2A109F0056931C = {
			isa = PBXGroup;
			children = (
				DBE599F12A2A109F0056931C /* FoodOrderService */,
				DBE599F02A2A109F0056931C /* Products */,
			);
			sourceTree = "<group>";
		};
		DBE599F02A2A109F0056931C /* Products */ = {
			isa = PBXGroup;
			children = (
				DBE599EF2A2A109F0056931C /* FoodOrderService.app */,
			);
			name = Products;
			sourceTree = "<group>";
		};
		DBE599F12A2A109F0056931C /* FoodOrderService */ = {
			isa = PBXGroup;
			children = (
				DBE59A082A2A128D0056931C /* Resources */,
				DBE59A062A2A123F0056931C /* Sources */,
			);
			path = FoodOrderService;
			sourceTree = "<group>";
		};
		DBE59A062A2A123F0056931C /* Sources */ = {
			isa = PBXGroup;
			children = (
				DB9ECC6D2A5C47B400186807 /* NetworkManager */,
				DBE59A072A2A12490056931C /* App */,
				DB52C6562A39BDA200B9E556 /* Base */,
				DB135B132A3C8022004A116D /* Extensions */,
				DB52C6432A38B0BE00B9E556 /* Coordinators */,
				DB52C64C2A38E19600B9E556 /* Factorys */,
				DBF7EE602A4DB84000D76518 /* Scenes */,
			);
			path = Sources;
			sourceTree = "<group>";
		};
		DBE59A072A2A12490056931C /* App */ = {
			isa = PBXGroup;
			children = (
				DBE599F22A2A109F0056931C /* AppDelegate.swift */,
				DBE599F42A2A109F0056931C /* SceneDelegate.swift */,
			);
			path = App;
			sourceTree = "<group>";
		};
		DBE59A082A2A128D0056931C /* Resources */ = {
			isa = PBXGroup;
			children = (
				DBE599FB2A2A10A00056931C /* Assets.xcassets */,
				DBE599FD2A2A10A00056931C /* LaunchScreen.storyboard */,
				DBE59A002A2A10A00056931C /* Info.plist */,
			);
			path = Resources;
			sourceTree = "<group>";
		};
		DBF493672A433E09007C9BD1 /* DetailScene */ = {
			isa = PBXGroup;
			children = (
				DBF493682A433E81007C9BD1 /* DetailView.swift */,
				DBA60FD42A67FEF2009B69F3 /* DetailViewModel.swift */,
			);
			path = DetailScene;
			sourceTree = "<group>";
		};
		DBF7EE3F2A4A0F9D00D76518 /* DishlistScene */ = {
			isa = PBXGroup;
			children = (
				DBF7EE422A4A160300D76518 /* DishlistCells */,
				DBF7EE402A4A0FEB00D76518 /* DishlistView.swift */,
				DBF7EE4F2A4C4A5100D76518 /* DishlistViewModel.swift */,
			);
			path = DishlistScene;
			sourceTree = "<group>";
		};
		DBF7EE422A4A160300D76518 /* DishlistCells */ = {
			isa = PBXGroup;
			children = (
				DBF7EE432A4A162200D76518 /* DishlistCell.swift */,
			);
			path = DishlistCells;
			sourceTree = "<group>";
		};
		DBF7EE512A4C5C1900D76518 /* OrderlistScene */ = {
			isa = PBXGroup;
			children = (
				DBF7EE5B2A4C67E500D76518 /* OrderlistView.swift */,
				DBF7EE5D2A4C68F700D76518 /* OrdelistViewModel.swift */,
			);
			path = OrderlistScene;
			sourceTree = "<group>";
		};
		DBF7EE602A4DB84000D76518 /* Scenes */ = {
			isa = PBXGroup;
			children = (
				DB7D2B032A30BB6100BDA872 /* OnboardingScene */,
				DB52C63C2A38ABAB00B9E556 /* MainScene */,
				DBF493672A433E09007C9BD1 /* DetailScene */,
				DBF7EE3F2A4A0F9D00D76518 /* DishlistScene */,
				DBF7EE512A4C5C1900D76518 /* OrderlistScene */,
			);
			path = Scenes;
			sourceTree = "<group>";
		};
/* End PBXGroup section */

/* Begin PBXNativeTarget section */
		DBE599EE2A2A109F0056931C /* FoodOrderService */ = {
			isa = PBXNativeTarget;
			buildConfigurationList = DBE59A032A2A10A00056931C /* Build configuration list for PBXNativeTarget "FoodOrderService" */;
			buildPhases = (
				DBE599EB2A2A109F0056931C /* Sources */,
				DBE599EC2A2A109F0056931C /* Frameworks */,
				DBE599ED2A2A109F0056931C /* Resources */,
			);
			buildRules = (
			);
			dependencies = (
			);
			name = FoodOrderService;
			packageProductDependencies = (
				DBA60FCB2A66C7DD009B69F3 /* IQKeyboardManagerSwift */,
				DBA60FCE2A66F612009B69F3 /* ProgressHUD */,
			);
			productName = FoodOrderService;
			productReference = DBE599EF2A2A109F0056931C /* FoodOrderService.app */;
			productType = "com.apple.product-type.application";
		};
/* End PBXNativeTarget section */

/* Begin PBXProject section */
		DBE599E72A2A109F0056931C /* Project object */ = {
			isa = PBXProject;
			attributes = {
				BuildIndependentTargetsInParallel = 1;
				LastSwiftUpdateCheck = 1400;
				LastUpgradeCheck = 1400;
				TargetAttributes = {
					DBE599EE2A2A109F0056931C = {
						CreatedOnToolsVersion = 14.0.1;
					};
				};
			};
			buildConfigurationList = DBE599EA2A2A109F0056931C /* Build configuration list for PBXProject "FoodOrderService" */;
			compatibilityVersion = "Xcode 14.0";
			developmentRegion = en;
			hasScannedForEncodings = 0;
			knownRegions = (
				en,
				Base,
			);
			mainGroup = DBE599E62A2A109F0056931C;
			packageReferences = (
				DBA60FCA2A66C7DC009B69F3 /* XCRemoteSwiftPackageReference "IQKeyboardManager" */,
				DBA60FCD2A66F612009B69F3 /* XCRemoteSwiftPackageReference "ProgressHUD" */,
			);
			productRefGroup = DBE599F02A2A109F0056931C /* Products */;
			projectDirPath = "";
			projectRoot = "";
			targets = (
				DBE599EE2A2A109F0056931C /* FoodOrderService */,
			);
		};
/* End PBXProject section */

/* Begin PBXResourcesBuildPhase section */
		DBE599ED2A2A109F0056931C /* Resources */ = {
			isa = PBXResourcesBuildPhase;
			buildActionMask = 2147483647;
			files = (
				DBE599FF2A2A10A00056931C /* LaunchScreen.storyboard in Resources */,
				DBE599FC2A2A10A00056931C /* Assets.xcassets in Resources */,
			);
			runOnlyForDeploymentPostprocessing = 0;
		};
/* End PBXResourcesBuildPhase section */

/* Begin PBXSourcesBuildPhase section */
		DBE599EB2A2A109F0056931C /* Sources */ = {
			isa = PBXSourcesBuildPhase;
			buildActionMask = 2147483647;
			files = (
				DB135B1B2A41FC29004A116D /* MainTopCell.swift in Sources */,
				DB135B102A3B50E4004A116D /* MainCategoryCell.swift in Sources */,
				DB7D2B072A30BB9100BDA872 /* OnboardingViewModel.swift in Sources */,
				DBF7EE4E2A4B543200D76518 /* OnboardingCoordinator.swift in Sources */,
				DBA60FD72A697D00009B69F3 /* Header.swift in Sources */,
				DB52C6502A38E2E000B9E556 /* ModulFactory.swift in Sources */,
				DB9ECC712A5C484100186807 /* NetworkError.swift in Sources */,
				DB52C65A2A39BDC900B9E556 /* SceneController.swift in Sources */,
				DB52C63E2A38AD1E00B9E556 /* MainView.swift in Sources */,
				DB9ECC792A5D847800186807 /* String+Extension.swift in Sources */,
				DBF7EE412A4A0FEB00D76518 /* DishlistView.swift in Sources */,
				DB9ECC852A5ED63E00186807 /* AllDishes.swift in Sources */,
				DBE599F72A2A109F0056931C /* OnboardingView.swift in Sources */,
				DB3A475B2A3A3EEA00C1B5D3 /* MainViewModel.swift in Sources */,
				DB9ECC6F2A5C47EE00186807 /* NetworkService.swift in Sources */,
				DB7D2B0B2A30C71B00BDA872 /* OnboardingCell.swift in Sources */,
				DB9ECC772A5D82EF00186807 /* Method.swift in Sources */,
				DB135B172A4093AA004A116D /* MainPopularCell.swift in Sources */,
				DBF7EE502A4C4A5100D76518 /* DishlistViewModel.swift in Sources */,
				DBF7EE5C2A4C67E500D76518 /* OrderlistView.swift in Sources */,
				DBF493692A433E81007C9BD1 /* DetailView.swift in Sources */,
				DB52C64E2A38E1BA00B9E556 /* CoordinatorFactory.swift in Sources */,
				DB52C6582A39BDB300B9E556 /* Coordinator.swift in Sources */,
				DBF7EE4C2A4B52DF00D76518 /* AppCoordinator.swift in Sources */,
				DB135B192A40C0DE004A116D /* MainCheffCell.swift in Sources */,
				DBE599F32A2A109F0056931C /* AppDelegate.swift in Sources */,
				DBA60FD52A67FEF2009B69F3 /* DetailViewModel.swift in Sources */,
				DB9ECC7B2A5EBB6600186807 /* ApiResponce.swift in Sources */,
				DB135B152A3C8038004A116D /* CollectionCell+Extension.swift in Sources */,
				DB9ECC752A5D823F00186807 /* Route.swift in Sources */,
				DBF7EE5E2A4C68F700D76518 /* OrdelistViewModel.swift in Sources */,
				DBF7EE442A4A162200D76518 /* DishlistCell.swift in Sources */,
				DB135B0D2A3B501A004A116D /* MainModel.swift in Sources */,
				DB52C6452A38B0F800B9E556 /* MainCoodinator.swift in Sources */,
				DBE599F52A2A109F0056931C /* SceneDelegate.swift in Sources */,
				DB7D2B052A30BB7A00BDA872 /* OnboardingModel.swift in Sources */,
				DBF4936D2A436A1F007C9BD1 /* UIButton+Extension.swift in Sources */,
				DB135B122A3B521C004A116D /* MainCategoryHeader.swift in Sources */,
			);
			runOnlyForDeploymentPostprocessing = 0;
		};
/* End PBXSourcesBuildPhase section */

/* Begin PBXVariantGroup section */
		DBE599FD2A2A10A00056931C /* LaunchScreen.storyboard */ = {
			isa = PBXVariantGroup;
			children = (
				DBE599FE2A2A10A00056931C /* Base */,
			);
			name = LaunchScreen.storyboard;
			sourceTree = "<group>";
		};
/* End PBXVariantGroup section */

/* Begin XCBuildConfiguration section */
		DBE59A012A2A10A00056931C /* Debug */ = {
			isa = XCBuildConfiguration;
			buildSettings = {
				ALWAYS_SEARCH_USER_PATHS = NO;
				CLANG_ANALYZER_NONNULL = YES;
				CLANG_ANALYZER_NUMBER_OBJECT_CONVERSION = YES_AGGRESSIVE;
				CLANG_CXX_LANGUAGE_STANDARD = "gnu++20";
				CLANG_ENABLE_MODULES = YES;
				CLANG_ENABLE_OBJC_ARC = YES;
				CLANG_ENABLE_OBJC_WEAK = YES;
				CLANG_WARN_BLOCK_CAPTURE_AUTORELEASING = YES;
				CLANG_WARN_BOOL_CONVERSION = YES;
				CLANG_WARN_COMMA = YES;
				CLANG_WARN_CONSTANT_CONVERSION = YES;
				CLANG_WARN_DEPRECATED_OBJC_IMPLEMENTATIONS = YES;
				CLANG_WARN_DIRECT_OBJC_ISA_USAGE = YES_ERROR;
				CLANG_WARN_DOCUMENTATION_COMMENTS = YES;
				CLANG_WARN_EMPTY_BODY = YES;
				CLANG_WARN_ENUM_CONVERSION = YES;
				CLANG_WARN_INFINITE_RECURSION = YES;
				CLANG_WARN_INT_CONVERSION = YES;
				CLANG_WARN_NON_LITERAL_NULL_CONVERSION = YES;
				CLANG_WARN_OBJC_IMPLICIT_RETAIN_SELF = YES;
				CLANG_WARN_OBJC_LITERAL_CONVERSION = YES;
				CLANG_WARN_OBJC_ROOT_CLASS = YES_ERROR;
				CLANG_WARN_QUOTED_INCLUDE_IN_FRAMEWORK_HEADER = YES;
				CLANG_WARN_RANGE_LOOP_ANALYSIS = YES;
				CLANG_WARN_STRICT_PROTOTYPES = YES;
				CLANG_WARN_SUSPICIOUS_MOVE = YES;
				CLANG_WARN_UNGUARDED_AVAILABILITY = YES_AGGRESSIVE;
				CLANG_WARN_UNREACHABLE_CODE = YES;
				CLANG_WARN__DUPLICATE_METHOD_MATCH = YES;
				COPY_PHASE_STRIP = NO;
				DEBUG_INFORMATION_FORMAT = dwarf;
				ENABLE_STRICT_OBJC_MSGSEND = YES;
				ENABLE_TESTABILITY = YES;
				GCC_C_LANGUAGE_STANDARD = gnu11;
				GCC_DYNAMIC_NO_PIC = NO;
				GCC_NO_COMMON_BLOCKS = YES;
				GCC_OPTIMIZATION_LEVEL = 0;
				GCC_PREPROCESSOR_DEFINITIONS = (
					"DEBUG=1",
					"$(inherited)",
				);
				GCC_WARN_64_TO_32_BIT_CONVERSION = YES;
				GCC_WARN_ABOUT_RETURN_TYPE = YES_ERROR;
				GCC_WARN_UNDECLARED_SELECTOR = YES;
				GCC_WARN_UNINITIALIZED_AUTOS = YES_AGGRESSIVE;
				GCC_WARN_UNUSED_FUNCTION = YES;
				GCC_WARN_UNUSED_VARIABLE = YES;
				IPHONEOS_DEPLOYMENT_TARGET = 16.0;
				MTL_ENABLE_DEBUG_INFO = INCLUDE_SOURCE;
				MTL_FAST_MATH = YES;
				ONLY_ACTIVE_ARCH = YES;
				SDKROOT = iphoneos;
				SWIFT_ACTIVE_COMPILATION_CONDITIONS = DEBUG;
				SWIFT_OPTIMIZATION_LEVEL = "-Onone";
			};
			name = Debug;
		};
		DBE59A022A2A10A00056931C /* Release */ = {
			isa = XCBuildConfiguration;
			buildSettings = {
				ALWAYS_SEARCH_USER_PATHS = NO;
				CLANG_ANALYZER_NONNULL = YES;
				CLANG_ANALYZER_NUMBER_OBJECT_CONVERSION = YES_AGGRESSIVE;
				CLANG_CXX_LANGUAGE_STANDARD = "gnu++20";
				CLANG_ENABLE_MODULES = YES;
				CLANG_ENABLE_OBJC_ARC = YES;
				CLANG_ENABLE_OBJC_WEAK = YES;
				CLANG_WARN_BLOCK_CAPTURE_AUTORELEASING = YES;
				CLANG_WARN_BOOL_CONVERSION = YES;
				CLANG_WARN_COMMA = YES;
				CLANG_WARN_CONSTANT_CONVERSION = YES;
				CLANG_WARN_DEPRECATED_OBJC_IMPLEMENTATIONS = YES;
				CLANG_WARN_DIRECT_OBJC_ISA_USAGE = YES_ERROR;
				CLANG_WARN_DOCUMENTATION_COMMENTS = YES;
				CLANG_WARN_EMPTY_BODY = YES;
				CLANG_WARN_ENUM_CONVERSION = YES;
				CLANG_WARN_INFINITE_RECURSION = YES;
				CLANG_WARN_INT_CONVERSION = YES;
				CLANG_WARN_NON_LITERAL_NULL_CONVERSION = YES;
				CLANG_WARN_OBJC_IMPLICIT_RETAIN_SELF = YES;
				CLANG_WARN_OBJC_LITERAL_CONVERSION = YES;
				CLANG_WARN_OBJC_ROOT_CLASS = YES_ERROR;
				CLANG_WARN_QUOTED_INCLUDE_IN_FRAMEWORK_HEADER = YES;
				CLANG_WARN_RANGE_LOOP_ANALYSIS = YES;
				CLANG_WARN_STRICT_PROTOTYPES = YES;
				CLANG_WARN_SUSPICIOUS_MOVE = YES;
				CLANG_WARN_UNGUARDED_AVAILABILITY = YES_AGGRESSIVE;
				CLANG_WARN_UNREACHABLE_CODE = YES;
				CLANG_WARN__DUPLICATE_METHOD_MATCH = YES;
				COPY_PHASE_STRIP = NO;
				DEBUG_INFORMATION_FORMAT = "dwarf-with-dsym";
				ENABLE_NS_ASSERTIONS = NO;
				ENABLE_STRICT_OBJC_MSGSEND = YES;
				GCC_C_LANGUAGE_STANDARD = gnu11;
				GCC_NO_COMMON_BLOCKS = YES;
				GCC_WARN_64_TO_32_BIT_CONVERSION = YES;
				GCC_WARN_ABOUT_RETURN_TYPE = YES_ERROR;
				GCC_WARN_UNDECLARED_SELECTOR = YES;
				GCC_WARN_UNINITIALIZED_AUTOS = YES_AGGRESSIVE;
				GCC_WARN_UNUSED_FUNCTION = YES;
				GCC_WARN_UNUSED_VARIABLE = YES;
				IPHONEOS_DEPLOYMENT_TARGET = 16.0;
				MTL_ENABLE_DEBUG_INFO = NO;
				MTL_FAST_MATH = YES;
				SDKROOT = iphoneos;
				SWIFT_COMPILATION_MODE = wholemodule;
				SWIFT_OPTIMIZATION_LEVEL = "-O";
				VALIDATE_PRODUCT = YES;
			};
			name = Release;
		};
		DBE59A042A2A10A00056931C /* Debug */ = {
			isa = XCBuildConfiguration;
			buildSettings = {
				ASSETCATALOG_COMPILER_APPICON_NAME = AppIcon;
				ASSETCATALOG_COMPILER_GLOBAL_ACCENT_COLOR_NAME = AccentColor;
				CODE_SIGN_STYLE = Automatic;
				CURRENT_PROJECT_VERSION = 1;
				DEVELOPMENT_TEAM = YC77Y2RPN5;
				GENERATE_INFOPLIST_FILE = YES;
				INFOPLIST_FILE = FoodOrderService/Resources/Info.plist;
				INFOPLIST_KEY_UIApplicationSupportsIndirectInputEvents = YES;
				INFOPLIST_KEY_UILaunchStoryboardName = LaunchScreen;
				INFOPLIST_KEY_UISupportedInterfaceOrientations_iPad = "UIInterfaceOrientationPortrait UIInterfaceOrientationPortraitUpsideDown UIInterfaceOrientationLandscapeLeft UIInterfaceOrientationLandscapeRight";
				INFOPLIST_KEY_UISupportedInterfaceOrientations_iPhone = "UIInterfaceOrientationPortrait UIInterfaceOrientationLandscapeLeft UIInterfaceOrientationLandscapeRight";
				LD_RUNPATH_SEARCH_PATHS = (
					"$(inherited)",
					"@executable_path/Frameworks",
				);
				MARKETING_VERSION = 1.0;
				PRODUCT_BUNDLE_IDENTIFIER = igor.FoodOrderService;
				PRODUCT_NAME = "$(TARGET_NAME)";
				SWIFT_EMIT_LOC_STRINGS = YES;
				SWIFT_VERSION = 5.0;
				TARGETED_DEVICE_FAMILY = "1,2";
			};
			name = Debug;
		};
		DBE59A052A2A10A00056931C /* Release */ = {
			isa = XCBuildConfiguration;
			buildSettings = {
				ASSETCATALOG_COMPILER_APPICON_NAME = AppIcon;
				ASSETCATALOG_COMPILER_GLOBAL_ACCENT_COLOR_NAME = AccentColor;
				CODE_SIGN_STYLE = Automatic;
				CURRENT_PROJECT_VERSION = 1;
				DEVELOPMENT_TEAM = YC77Y2RPN5;
				GENERATE_INFOPLIST_FILE = YES;
				INFOPLIST_FILE = FoodOrderService/Resources/Info.plist;
				INFOPLIST_KEY_UIApplicationSupportsIndirectInputEvents = YES;
				INFOPLIST_KEY_UILaunchStoryboardName = LaunchScreen;
				INFOPLIST_KEY_UISupportedInterfaceOrientations_iPad = "UIInterfaceOrientationPortrait UIInterfaceOrientationPortraitUpsideDown UIInterfaceOrientationLandscapeLeft UIInterfaceOrientationLandscapeRight";
				INFOPLIST_KEY_UISupportedInterfaceOrientations_iPhone = "UIInterfaceOrientationPortrait UIInterfaceOrientationLandscapeLeft UIInterfaceOrientationLandscapeRight";
				LD_RUNPATH_SEARCH_PATHS = (
					"$(inherited)",
					"@executable_path/Frameworks",
				);
				MARKETING_VERSION = 1.0;
				PRODUCT_BUNDLE_IDENTIFIER = igor.FoodOrderService;
				PRODUCT_NAME = "$(TARGET_NAME)";
				SWIFT_EMIT_LOC_STRINGS = YES;
				SWIFT_VERSION = 5.0;
				TARGETED_DEVICE_FAMILY = "1,2";
			};
			name = Release;
		};
/* End XCBuildConfiguration section */

/* Begin XCConfigurationList section */
		DBE599EA2A2A109F0056931C /* Build configuration list for PBXProject "FoodOrderService" */ = {
			isa = XCConfigurationList;
			buildConfigurations = (
				DBE59A012A2A10A00056931C /* Debug */,
				DBE59A022A2A10A00056931C /* Release */,
			);
			defaultConfigurationIsVisible = 0;
			defaultConfigurationName = Release;
		};
		DBE59A032A2A10A00056931C /* Build configuration list for PBXNativeTarget "FoodOrderService" */ = {
			isa = XCConfigurationList;
			buildConfigurations = (
				DBE59A042A2A10A00056931C /* Debug */,
				DBE59A052A2A10A00056931C /* Release */,
			);
			defaultConfigurationIsVisible = 0;
			defaultConfigurationName = Release;
		};
/* End XCConfigurationList section */

/* Begin XCRemoteSwiftPackageReference section */
		DBA60FCA2A66C7DC009B69F3 /* XCRemoteSwiftPackageReference "IQKeyboardManager" */ = {
			isa = XCRemoteSwiftPackageReference;
			repositoryURL = "https://github.com/hackiftekhar/IQKeyboardManager.git";
			requirement = {
				branch = master;
				kind = branch;
			};
		};
		DBA60FCD2A66F612009B69F3 /* XCRemoteSwiftPackageReference "ProgressHUD" */ = {
			isa = XCRemoteSwiftPackageReference;
			repositoryURL = "https://github.com/relatedcode/ProgressHUD?ysclid=lk8ihu5oos83269835";
			requirement = {
				kind = upToNextMajorVersion;
				minimumVersion = 13.0.0;
			};
		};
/* End XCRemoteSwiftPackageReference section */

/* Begin XCSwiftPackageProductDependency section */
		DBA60FCB2A66C7DD009B69F3 /* IQKeyboardManagerSwift */ = {
			isa = XCSwiftPackageProductDependency;
			package = DBA60FCA2A66C7DC009B69F3 /* XCRemoteSwiftPackageReference "IQKeyboardManager" */;
			productName = IQKeyboardManagerSwift;
		};
		DBA60FCE2A66F612009B69F3 /* ProgressHUD */ = {
			isa = XCSwiftPackageProductDependency;
			package = DBA60FCD2A66F612009B69F3 /* XCRemoteSwiftPackageReference "ProgressHUD" */;
			productName = ProgressHUD;
		};
/* End XCSwiftPackageProductDependency section */
	};
	rootObject = DBE599E72A2A109F0056931C /* Project object */;
}
